// !$*UTF8*$!
{
	archiveVersion = 1;
	classes = {
	};
	objectVersion = 46;
	objects = {

/* Begin PBXBuildFile section */
		0AEF90A01CAB64F50079AC36 /* main.m in Sources */ = {isa = PBXBuildFile; fileRef = 0AEF909F1CAB64F50079AC36 /* main.m */; };
		0AEF90A31CAB64F50079AC36 /* AppDelegate.m in Sources */ = {isa = PBXBuildFile; fileRef = 0AEF90A21CAB64F50079AC36 /* AppDelegate.m */; };
		0AEF90A61CAB64F50079AC36 /* ViewController.m in Sources */ = {isa = PBXBuildFile; fileRef = 0AEF90A51CAB64F50079AC36 /* ViewController.m */; };
		0AEF90A91CAB64F50079AC36 /* Main.storyboard in Resources */ = {isa = PBXBuildFile; fileRef = 0AEF90A71CAB64F50079AC36 /* Main.storyboard */; };
		0AEF90AB1CAB64F50079AC36 /* Assets.xcassets in Resources */ = {isa = PBXBuildFile; fileRef = 0AEF90AA1CAB64F50079AC36 /* Assets.xcassets */; };
		0AEF90AE1CAB64F50079AC36 /* LaunchScreen.storyboard in Resources */ = {isa = PBXBuildFile; fileRef = 0AEF90AC1CAB64F50079AC36 /* LaunchScreen.storyboard */; };
		0AEF90B91CAB64F50079AC36 /* demoTests.m in Sources */ = {isa = PBXBuildFile; fileRef = 0AEF90B81CAB64F50079AC36 /* demoTests.m */; };
		0AEF90C41CAB64F50079AC36 /* demoUITests.m in Sources */ = {isa = PBXBuildFile; fileRef = 0AEF90C31CAB64F50079AC36 /* demoUITests.m */; };
/* End PBXBuildFile section */

/* Begin PBXContainerItemProxy section */
		0AEF90B51CAB64F50079AC36 /* PBXContainerItemProxy */ = {
			isa = PBXContainerItemProxy;
			containerPortal = 0AEF90931CAB64F50079AC36 /* Project object */;
			proxyType = 1;
			remoteGlobalIDString = 0AEF909A1CAB64F50079AC36;
			remoteInfo = demo;
		};
		0AEF90C01CAB64F50079AC36 /* PBXContainerItemProxy */ = {
			isa = PBXContainerItemProxy;
			containerPortal = 0AEF90931CAB64F50079AC36 /* Project object */;
			proxyType = 1;
			remoteGlobalIDString = 0AEF909A1CAB64F50079AC36;
			remoteInfo = demo;
		};
/* End PBXContainerItemProxy section */

/* Begin PBXFileReference section */
		0AEF909B1CAB64F50079AC36 /* demo.app */ = {isa = PBXFileReference; explicitFileType = wrapper.application; includeInIndex = 0; path = demo.app; sourceTree = BUILT_PRODUCTS_DIR; };
		0AEF909F1CAB64F50079AC36 /* main.m */ = {isa = PBXFileReference; lastKnownFileType = sourcecode.c.objc; path = main.m; sourceTree = "<group>"; };
		0AEF90A11CAB64F50079AC36 /* AppDelegate.h */ = {isa = PBXFileReference; lastKnownFileType = sourcecode.c.h; path = AppDelegate.h; sourceTree = "<group>"; };
		0AEF90A21CAB64F50079AC36 /* AppDelegate.m */ = {isa = PBXFileReference; lastKnownFileType = sourcecode.c.objc; path = AppDelegate.m; sourceTree = "<group>"; };
		0AEF90A41CAB64F50079AC36 /* ViewController.h */ = {isa = PBXFileReference; lastKnownFileType = sourcecode.c.h; path = ViewController.h; sourceTree = "<group>"; };
		0AEF90A51CAB64F50079AC36 /* ViewController.m */ = {isa = PBXFileReference; lastKnownFileType = sourcecode.c.objc; path = ViewController.m; sourceTree = "<group>"; };
		0AEF90A81CAB64F50079AC36 /* Base */ = {isa = PBXFileReference; lastKnownFileType = file.storyboard; name = Base; path = Base.lproj/Main.storyboard; sourceTree = "<group>"; };
		0AEF90AA1CAB64F50079AC36 /* Assets.xcassets */ = {isa = PBXFileReference; lastKnownFileType = folder.assetcatalog; path = Assets.xcassets; sourceTree = "<group>"; };
		0AEF90AD1CAB64F50079AC36 /* Base */ = {isa = PBXFileReference; lastKnownFileType = file.storyboard; name = Base; path = Base.lproj/LaunchScreen.storyboard; sourceTree = "<group>"; };
		0AEF90AF1CAB64F50079AC36 /* Info.plist */ = {isa = PBXFileReference; lastKnownFileType = text.plist.xml; path = Info.plist; sourceTree = "<group>"; };
		0AEF90B41CAB64F50079AC36 /* demoTests.xctest */ = {isa = PBXFileReference; explicitFileType = wrapper.cfbundle; includeInIndex = 0; path = demoTests.xctest; sourceTree = BUILT_PRODUCTS_DIR; };
		0AEF90B81CAB64F50079AC36 /* demoTests.m */ = {isa = PBXFileReference; lastKnownFileType = sourcecode.c.objc; path = demoTests.m; sourceTree = "<group>"; };
		0AEF90BA1CAB64F50079AC36 /* Info.plist */ = {isa = PBXFileReference; lastKnownFileType = text.plist.xml; path = Info.plist; sourceTree = "<group>"; };
		0AEF90BF1CAB64F50079AC36 /* demoUITests.xctest */ = {isa = PBXFileReference; explicitFileType = wrapper.cfbundle; includeInIndex = 0; path = demoUITests.xctest; sourceTree = BUILT_PRODUCTS_DIR; };
		0AEF90C31CAB64F50079AC36 /* demoUITests.m */ = {isa = PBXFileReference; lastKnownFileType = sourcecode.c.objc; path = demoUITests.m; sourceTree = "<group>"; };
		0AEF90C51CAB64F50079AC36 /* Info.plist */ = {isa = PBXFileReference; lastKnownFileType = text.plist.xml; path = Info.plist; sourceTree = "<group>"; };
/* End PBXFileReference section */

/* Begin PBXFrameworksBuildPhase section */
		0AEF90981CAB64F50079AC36 /* Frameworks */ = {
			isa = PBXFrameworksBuildPhase;
			buildActionMask = 2147483647;
			files = (
			);
			runOnlyForDeploymentPostprocessing = 0;
		};
		0AEF90B11CAB64F50079AC36 /* Frameworks */ = {
			isa = PBXFrameworksBuildPhase;
			buildActionMask = 2147483647;
			files = (
			);
			runOnlyForDeploymentPostprocessing = 0;
		};
		0AEF90BC1CAB64F50079AC36 /* Frameworks */ = {
			isa = PBXFrameworksBuildPhase;
			buildActionMask = 2147483647;
			files = (
			);
			runOnlyForDeploymentPostprocessing = 0;
		};
/* End PBXFrameworksBuildPhase section */

/* Begin PBXGroup section */
		0AEF90921CAB64F50079AC36 = {
			isa = PBXGroup;
			children = (
				0AEF909D1CAB64F50079AC36 /* demo */,
				0AEF90B71CAB64F50079AC36 /* demoTests */,
				0AEF90C21CAB64F50079AC36 /* demoUITests */,
				0AEF909C1CAB64F50079AC36 /* Products */,
			);
			sourceTree = "<group>";
		};
		0AEF909C1CAB64F50079AC36 /* Products */ = {
			isa = PBXGroup;
			children = (
				0AEF909B1CAB64F50079AC36 /* demo.app */,
				0AEF90B41CAB64F50079AC36 /* demoTests.xctest */,
				0AEF90BF1CAB64F50079AC36 /* demoUITests.xctest */,
			);
			name = Products;
			sourceTree = "<group>";
		};
		0AEF909D1CAB64F50079AC36 /* demo */ = {
			isa = PBXGroup;
			children = (
				0AEF90A11CAB64F50079AC36 /* AppDelegate.h */,
				0AEF90A21CAB64F50079AC36 /* AppDelegate.m */,
				0AEF90A41CAB64F50079AC36 /* ViewController.h */,
				0AEF90A51CAB64F50079AC36 /* ViewController.m */,
				0AEF90A71CAB64F50079AC36 /* Main.storyboard */,
				0AEF90AA1CAB64F50079AC36 /* Assets.xcassets */,
				0AEF90AC1CAB64F50079AC36 /* LaunchScreen.storyboard */,
				0AEF90AF1CAB64F50079AC36 /* Info.plist */,
				0AEF909E1CAB64F50079AC36 /* Supporting Files */,
			);
			path = demo;
			sourceTree = "<group>";
		};
		0AEF909E1CAB64F50079AC36 /* Supporting Files */ = {
			isa = PBXGroup;
			children = (
				0AEF909F1CAB64F50079AC36 /* main.m */,
			);
			name = "Supporting Files";
			sourceTree = "<group>";
		};
		0AEF90B71CAB64F50079AC36 /* demoTests */ = {
			isa = PBXGroup;
			children = (
				0AEF90B81CAB64F50079AC36 /* demoTests.m */,
				0AEF90BA1CAB64F50079AC36 /* Info.plist */,
			);
			path = demoTests;
			sourceTree = "<group>";
		};
		0AEF90C21CAB64F50079AC36 /* demoUITests */ = {
			isa = PBXGroup;
			children = (
				0AEF90C31CAB64F50079AC36 /* demoUITests.m */,
				0AEF90C51CAB64F50079AC36 /* Info.plist */,
			);
			path = demoUITests;
			sourceTree = "<group>";
		};
/* End PBXGroup section */

/* Begin PBXNativeTarget section */
		0AEF909A1CAB64F50079AC36 /* demo */ = {
			isa = PBXNativeTarget;
			buildConfigurationList = 0AEF90C81CAB64F50079AC36 /* Build configuration list for PBXNativeTarget "demo" */;
			buildPhases = (
				0AEF90971CAB64F50079AC36 /* Sources */,
				0AEF90981CAB64F50079AC36 /* Frameworks */,
				0AEF90991CAB64F50079AC36 /* Resources */,
			);
			buildRules = (
			);
			dependencies = (
			);
			name = demo;
			productName = demo;
			productReference = 0AEF909B1CAB64F50079AC36 /* demo.app */;
			productType = "com.apple.product-type.application";
		};
		0AEF90B31CAB64F50079AC36 /* demoTests */ = {
			isa = PBXNativeTarget;
			buildConfigurationList = 0AEF90CB1CAB64F50079AC36 /* Build configuration list for PBXNativeTarget "demoTests" */;
			buildPhases = (
				0AEF90B01CAB64F50079AC36 /* Sources */,
				0AEF90B11CAB64F50079AC36 /* Frameworks */,
				0AEF90B21CAB64F50079AC36 /* Resources */,
			);
			buildRules = (
			);
			dependencies = (
				0AEF90B61CAB64F50079AC36 /* PBXTargetDependency */,
			);
			name = demoTests;
			productName = demoTests;
			productReference = 0AEF90B41CAB64F50079AC36 /* demoTests.xctest */;
			productType = "com.apple.product-type.bundle.unit-test";
		};
		0AEF90BE1CAB64F50079AC36 /* demoUITests */ = {
			isa = PBXNativeTarget;
			buildConfigurationList = 0AEF90CE1CAB64F50079AC36 /* Build configuration list for PBXNativeTarget "demoUITests" */;
			buildPhases = (
				0AEF90BB1CAB64F50079AC36 /* Sources */,
				0AEF90BC1CAB64F50079AC36 /* Frameworks */,
				0AEF90BD1CAB64F50079AC36 /* Resources */,
			);
			buildRules = (
			);
			dependencies = (
				0AEF90C11CAB64F50079AC36 /* PBXTargetDependency */,
			);
			name = demoUITests;
			productName = demoUITests;
			productReference = 0AEF90BF1CAB64F50079AC36 /* demoUITests.xctest */;
			productType = "com.apple.product-type.bundle.ui-testing";
		};
/* End PBXNativeTarget section */

/* Begin PBXProject section */
		0AEF90931CAB64F50079AC36 /* Project object */ = {
			isa = PBXProject;
			attributes = {
				LastUpgradeCheck = 0720;
				ORGANIZATIONNAME = "李世飞";
				TargetAttributes = {
					0AEF909A1CAB64F50079AC36 = {
						CreatedOnToolsVersion = 7.2;
					};
					0AEF90B31CAB64F50079AC36 = {
						CreatedOnToolsVersion = 7.2;
						TestTargetID = 0AEF909A1CAB64F50079AC36;
					};
					0AEF90BE1CAB64F50079AC36 = {
						CreatedOnToolsVersion = 7.2;
						TestTargetID = 0AEF909A1CAB64F50079AC36;
					};
				};
			};
			buildConfigurationList = 0AEF90961CAB64F50079AC36 /* Build configuration list for PBXProject "demo" */;
			compatibilityVersion = "Xcode 3.2";
			developmentRegion = English;
			hasScannedForEncodings = 0;
			knownRegions = (
				en,
				Base,
			);
			mainGroup = 0AEF90921CAB64F50079AC36;
			productRefGroup = 0AEF909C1CAB64F50079AC36 /* Products */;
			projectDirPath = "";
			projectRoot = "";
			targets = (
				0AEF909A1CAB64F50079AC36 /* demo */,
				0AEF90B31CAB64F50079AC36 /* demoTests */,
				0AEF90BE1CAB64F50079AC36 /* demoUITests */,
			);
		};
/* End PBXProject section */

/* Begin PBXResourcesBuildPhase section */
		0AEF90991CAB64F50079AC36 /* Resources */ = {
			isa = PBXResourcesBuildPhase;
			buildActionMask = 2147483647;
			files = (
				0AEF90AE1CAB64F50079AC36 /* LaunchScreen.storyboard in Resources */,
				0AEF90AB1CAB64F50079AC36 /* Assets.xcassets in Resources */,
				0AEF90A91CAB64F50079AC36 /* Main.storyboard in Resources */,
			);
			runOnlyForDeploymentPostprocessing = 0;
		};
		0AEF90B21CAB64F50079AC36 /* Resources */ = {
			isa = PBXResourcesBuildPhase;
			buildActionMask = 2147483647;
			files = (
			);
			runOnlyForDeploymentPostprocessing = 0;
		};
		0AEF90BD1CAB64F50079AC36 /* Resources */ = {
			isa = PBXResourcesBuildPhase;
			buildActionMask = 2147483647;
			files = (
			);
			runOnlyForDeploymentPostprocessing = 0;
		};
/* End PBXResourcesBuildPhase section */

/* Begin PBXSourcesBuildPhase section */
		0AEF90971CAB64F50079AC36 /* Sources */ = {
			isa = PBXSourcesBuildPhase;
			buildActionMask = 2147483647;
			files = (
				0AEF90A61CAB64F50079AC36 /* ViewController.m in Sources */,
				0AEF90A31CAB64F50079AC36 /* AppDelegate.m in Sources */,
				0AEF90A01CAB64F50079AC36 /* main.m in Sources */,
			);
			runOnlyForDeploymentPostprocessing = 0;
		};
		0AEF90B01CAB64F50079AC36 /* Sources */ = {
			isa = PBXSourcesBuildPhase;
			buildActionMask = 2147483647;
			files = (
				0AEF90B91CAB64F50079AC36 /* demoTests.m in Sources */,
			);
			runOnlyForDeploymentPostprocessing = 0;
		};
		0AEF90BB1CAB64F50079AC36 /* Sources */ = {
			isa = PBXSourcesBuildPhase;
			buildActionMask = 2147483647;
			files = (
				0AEF90C41CAB64F50079AC36 /* demoUITests.m in Sources */,
			);
			runOnlyForDeploymentPostprocessing = 0;
		};
/* End PBXSourcesBuildPhase section */

/* Begin PBXTargetDependency section */
		0AEF90B61CAB64F50079AC36 /* PBXTargetDependency */ = {
			isa = PBXTargetDependency;
			target = 0AEF909A1CAB64F50079AC36 /* demo */;
			targetProxy = 0AEF90B51CAB64F50079AC36 /* PBXContainerItemProxy */;
		};
		0AEF90C11CAB64F50079AC36 /* PBXTargetDependency */ = {
			isa = PBXTargetDependency;
			target = 0AEF909A1CAB64F50079AC36 /* demo */;
			targetProxy = 0AEF90C01CAB64F50079AC36 /* PBXContainerItemProxy */;
		};
/* End PBXTargetDependency section */

/* Begin PBXVariantGroup section */
		0AEF90A71CAB64F50079AC36 /* Main.storyboard */ = {
			isa = PBXVariantGroup;
			children = (
				0AEF90A81CAB64F50079AC36 /* Base */,
			);
			name = Main.storyboard;
			sourceTree = "<group>";
		};
		0AEF90AC1CAB64F50079AC36 /* LaunchScreen.storyboard */ = {
			isa = PBXVariantGroup;
			children = (
				0AEF90AD1CAB64F50079AC36 /* Base */,
			);
			name = LaunchScreen.storyboard;
			sourceTree = "<group>";
		};
/* End PBXVariantGroup section */

/* Begin XCBuildConfiguration section */
		0AEF90C61CAB64F50079AC36 /* Debug */ = {
			isa = XCBuildConfiguration;
			buildSettings = {
				ALWAYS_SEARCH_USER_PATHS = NO;
				CLANG_CXX_LANGUAGE_STANDARD = "gnu++0x";
				CLANG_CXX_LIBRARY = "libc++";
				CLANG_ENABLE_MODULES = YES;
				CLANG_ENABLE_OBJC_ARC = YES;
				CLANG_WARN_BOOL_CONVERSION = YES;
				CLANG_WARN_CONSTANT_CONVERSION = YES;
				CLANG_WARN_DIRECT_OBJC_ISA_USAGE = YES_ERROR;
				CLANG_WARN_EMPTY_BODY = YES;
				CLANG_WARN_ENUM_CONVERSION = YES;
				CLANG_WARN_INT_CONVERSION = YES;
				CLANG_WARN_OBJC_ROOT_CLASS = YES_ERROR;
				CLANG_WARN_UNREACHABLE_CODE = YES;
				CLANG_WARN__DUPLICATE_METHOD_MATCH = YES;
				"CODE_SIGN_IDENTITY[sdk=iphoneos*]" = "iPhone Developer";
				COPY_PHASE_STRIP = NO;
				DEBUG_INFORMATION_FORMAT = dwarf;
				ENABLE_STRICT_OBJC_MSGSEND = YES;
				ENABLE_TESTABILITY = YES;
				GCC_C_LANGUAGE_STANDARD = gnu99;
				GCC_DYNAMIC_NO_PIC = NO;
				GCC_NO_COMMON_BLOCKS = YES;
				GCC_OPTIMIZATION_LEVEL = 0;
				GCC_PREPROCESSOR_DEFINITIONS = (
					"DEBUG=1",
					"$(inherited)",
				);
				GCC_WARN_64_TO_32_BIT_CONVERSION = YES;
				GCC_WARN_ABOUT_RETURN_TYPE = YES_ERROR;
				GCC_WARN_UNDECLARED_SELECTOR = YES;
				GCC_WARN_UNINITIALIZED_AUTOS = YES_AGGRESSIVE;
				GCC_WARN_UNUSED_FUNCTION = YES;
				GCC_WARN_UNUSED_VARIABLE = YES;
				IPHONEOS_DEPLOYMENT_TARGET = 9.2;
				MTL_ENABLE_DEBUG_INFO = YES;
				ONLY_ACTIVE_ARCH = YES;
				SDKROOT = iphoneos;
			};
			name = Debug;
		};
		0AEF90C71CAB64F50079AC36 /* Release */ = {
			isa = XCBuildConfiguration;
			buildSettings = {
				ALWAYS_SEARCH_USER_PATHS = NO;
				CLANG_CXX_LANGUAGE_STANDARD = "gnu++0x";
				CLANG_CXX_LIBRARY = "libc++";
				CLANG_ENABLE_MODULES = YES;
				CLANG_ENABLE_OBJC_ARC = YES;
				CLANG_WARN_BOOL_CONVERSION = YES;
				CLANG_WARN_CONSTANT_CONVERSION = YES;
				CLANG_WARN_DIRECT_OBJC_ISA_USAGE = YES_ERROR;
				CLANG_WARN_EMPTY_BODY = YES;
				CLANG_WARN_ENUM_CONVERSION = YES;
				CLANG_WARN_INT_CONVERSION = YES;
				CLANG_WARN_OBJC_ROOT_CLASS = YES_ERROR;
				CLANG_WARN_UNREACHABLE_CODE = YES;
				CLANG_WARN__DUPLICATE_METHOD_MATCH = YES;
				"CODE_SIGN_IDENTITY[sdk=iphoneos*]" = "iPhone Developer";
				COPY_PHASE_STRIP = NO;
				DEBUG_INFORMATION_FORMAT = "dwarf-with-dsym";
				ENABLE_NS_ASSERTIONS = NO;
				ENABLE_STRICT_OBJC_MSGSEND = YES;
				GCC_C_LANGUAGE_STANDARD = gnu99;
				GCC_NO_COMMON_BLOCKS = YES;
				GCC_WARN_64_TO_32_BIT_CONVERSION = YES;
				GCC_WARN_ABOUT_RETURN_TYPE = YES_ERROR;
				GCC_WARN_UNDECLARED_SELECTOR = YES;
				GCC_WARN_UNINITIALIZED_AUTOS = YES_AGGRESSIVE;
				GCC_WARN_UNUSED_FUNCTION = YES;
				GCC_WARN_UNUSED_VARIABLE = YES;
				IPHONEOS_DEPLOYMENT_TARGET = 9.2;
				MTL_ENABLE_DEBUG_INFO = NO;
				SDKROOT = iphoneos;
				VALIDATE_PRODUCT = YES;
			};
			name = Release;
		};
		0AEF90C91CAB64F50079AC36 /* Debug */ = {
			isa = XCBuildConfiguration;
			buildSettings = {
				ASSETCATALOG_COMPILER_APPICON_NAME = AppIcon;
				INFOPLIST_FILE = demo/Info.plist;
				LD_RUNPATH_SEARCH_PATHS = "$(inherited) @executable_path/Frameworks";
				PRODUCT_BUNDLE_IDENTIFIER = com.deying.demo;
				PRODUCT_NAME = "$(TARGET_NAME)";
			};
			name = Debug;
		};
		0AEF90CA1CAB64F50079AC36 /* Release */ = {
			isa = XCBuildConfiguration;
			buildSettings = {
				ASSETCATALOG_COMPILER_APPICON_NAME = AppIcon;
				INFOPLIST_FILE = demo/Info.plist;
				LD_RUNPATH_SEARCH_PATHS = "$(inherited) @executable_path/Frameworks";
				PRODUCT_BUNDLE_IDENTIFIER = com.deying.demo;
				PRODUCT_NAME = "$(TARGET_NAME)";
			};
			name = Release;
		};
		0AEF90CC1CAB64F50079AC36 /* Debug */ = {
			isa = XCBuildConfiguration;
			buildSettings = {
				BUNDLE_LOADER = "$(TEST_HOST)";
				INFOPLIST_FILE = demoTests/Info.plist;
				LD_RUNPATH_SEARCH_PATHS = "$(inherited) @executable_path/Frameworks @loader_path/Frameworks";
				PRODUCT_BUNDLE_IDENTIFIER = com.deying.demoTests;
				PRODUCT_NAME = "$(TARGET_NAME)";
				TEST_HOST = "$(BUILT_PRODUCTS_DIR)/demo.app/demo";
			};
			name = Debug;
		};
		0AEF90CD1CAB64F50079AC36 /* Release */ = {
			isa = XCBuildConfiguration;
			buildSettings = {
				BUNDLE_LOADER = "$(TEST_HOST)";
				INFOPLIST_FILE = demoTests/Info.plist;
				LD_RUNPATH_SEARCH_PATHS = "$(inherited) @executable_path/Frameworks @loader_path/Frameworks";
				PRODUCT_BUNDLE_IDENTIFIER = com.deying.demoTests;
				PRODUCT_NAME = "$(TARGET_NAME)";
				TEST_HOST = "$(BUILT_PRODUCTS_DIR)/demo.app/demo";
			};
			name = Release;
		};
		0AEF90CF1CAB64F50079AC36 /* Debug */ = {
			isa = XCBuildConfiguration;
			buildSettings = {
				INFOPLIST_FILE = demoUITests/Info.plist;
				LD_RUNPATH_SEARCH_PATHS = "$(inherited) @executable_path/Frameworks @loader_path/Frameworks";
				PRODUCT_BUNDLE_IDENTIFIER = com.deying.demoUITests;
				PRODUCT_NAME = "$(TARGET_NAME)";
				TEST_TARGET_NAME = demo;
				USES_XCTRUNNER = YES;
			};
			name = Debug;
		};
		0AEF90D01CAB64F50079AC36 /* Release */ = {
			isa = XCBuildConfiguration;
			buildSettings = {
				INFOPLIST_FILE = demoUITests/Info.plist;
				LD_RUNPATH_SEARCH_PATHS = "$(inherited) @executable_path/Frameworks @loader_path/Frameworks";
				PRODUCT_BUNDLE_IDENTIFIER = com.deying.demoUITests;
				PRODUCT_NAME = "$(TARGET_NAME)";
				TEST_TARGET_NAME = demo;
				USES_XCTRUNNER = YES;
			};
			name = Release;
		};
/* End XCBuildConfiguration section */

/* Begin XCConfigurationList section */
		0AEF90961CAB64F50079AC36 /* Build configuration list for PBXProject "demo" */ = {
			isa = XCConfigurationList;
			buildConfigurations = (
				0AEF90C61CAB64F50079AC36 /* Debug */,
				0AEF90C71CAB64F50079AC36 /* Release */,
			);
			defaultConfigurationIsVisible = 0;
			defaultConfigurationName = Release;
		};
		0AEF90C81CAB64F50079AC36 /* Build configuration list for PBXNativeTarget "demo" */ = {
			isa = XCConfigurationList;
			buildConfigurations = (
				0AEF90C91CAB64F50079AC36 /* Debug */,
				0AEF90CA1CAB64F50079AC36 /* Release */,
			);
			defaultConfigurationIsVisible = 0;
			defaultConfigurationName = Release;
		};
		0AEF90CB1CAB64F50079AC36 /* Build configuration list for PBXNativeTarget "demoTests" */ = {
			isa = XCConfigurationList;
			buildConfigurations = (
				0AEF90CC1CAB64F50079AC36 /* Debug */,
				0AEF90CD1CAB64F50079AC36 /* Release */,
			);
			defaultConfigurationIsVisible = 0;
			defaultConfigurationName = Release;
		};
		0AEF90CE1CAB64F50079AC36 /* Build configuration list for PBXNativeTarget "demoUITests" */ = {
			isa = XCConfigurationList;
			buildConfigurations = (
				0AEF90CF1CAB64F50079AC36 /* Debug */,
				0AEF90D01CAB64F50079AC36 /* Release */,
			);
			defaultConfigurationIsVisible = 0;
			defaultConfigurationName = Release;
		};
/* End XCConfigurationList section */
	};
	rootObject = 0AEF90931CAB64F50079AC36 /* Project object */;
}
